
Microsoft Visual Studio Solution File, Format Version 12.00
# Visual Studio Version 16
VisualStudioVersion = 16.0.31005.135
MinimumVisualStudioVersion = 10.0.40219.1
Project("{FAE04EC0-301F-11D3-BF4B-00C04F79EFBC}") = "PartialViewAppend", "PartialViewAppend\PartialViewAppend.csproj", "{5523B012-FAD2-4B6B-AB0C-D24F35F5CFA8}"
EndProject
Global
	GlobalSection(SolutionConfigurationPlatforms) = preSolution
		Debug|Any CPU = Debug|Any CPU
		Release|Any CPU = Release|Any CPU
	EndGlobalSection
	GlobalSection(ProjectConfigurationPlatforms) = postSolution
		{5523B012-FAD2-4B6B-AB0C-D24F35F5CFA8}.Debug|Any CPU.ActiveCfg = Debug|Any CPU
		{5523B012-FAD2-4B6B-AB0C-D24F35F5CFA8}.Debug|Any CPU.Build.0 = Debug|Any CPU
		{5523B012-FAD2-4B6B-AB0C-D24F35F5CFA8}.Release|Any CPU.ActiveCfg = Release|Any CPU
		{5523B012-FAD2-4B6B-AB0C-D24F35F5CFA8}.Release|Any CPU.Build.0 = Release|Any CPU
	EndGlobalSection
	GlobalSection(SolutionProperties) = preSolution
		HideSolutionNode = FALSE
	EndGlobalSection
	GlobalSection(ExtensibilityGlobals) = postSolution
		SolutionGuid = {AE051654-3D17-4347-809D-85699E7395F1}
	EndGlobalSection
EndGlobal
